
Microsoft Visual Studio Solution File, Format Version 12.00
# Visual Studio Version 17
VisualStudioVersion = 17.5.002.0
MinimumVisualStudioVersion = 10.0.40219.1
Project("{9A19103F-16F7-4668-BE54-9A1E7A4F7556}") = "Arpagen", "Arpagen.csproj", "{A30A47E1-CC8E-4DA9-B66D-0FFBE4845BB7}"
EndProject
Global
	GlobalSection(SolutionConfigurationPlatforms) = preSolution
		Debug|Any CPU = Debug|Any CPU
		Release|Any CPU = Release|Any CPU
	EndGlobalSection
	GlobalSection(ProjectConfigurationPlatforms) = postSolution
		{A30A47E1-CC8E-4DA9-B66D-0FFBE4845BB7}.Debug|Any CPU.ActiveCfg = Debug|Any CPU
		{A30A47E1-CC8E-4DA9-B66D-0FFBE4845BB7}.Debug|Any CPU.Build.0 = Debug|Any CPU
		{A30A47E1-CC8E-4DA9-B66D-0FFBE4845BB7}.Release|Any CPU.ActiveCfg = Release|Any CPU
		{A30A47E1-CC8E-4DA9-B66D-0FFBE4845BB7}.Release|Any CPU.Build.0 = Release|Any CPU
	EndGlobalSection
	GlobalSection(SolutionProperties) = preSolution
		HideSolutionNode = FALSE
	EndGlobalSection
	GlobalSection(ExtensibilityGlobals) = postSolution
		SolutionGuid = {9F8E734E-BA3F-42AE-8298-CC7704B9E1E9}
	EndGlobalSection
EndGlobal
